
Microsoft Visual Studio Solution File, Format Version 12.00
# Visual Studio 14
VisualStudioVersion = 14.0.25420.1
MinimumVisualStudioVersion = 10.0.40219.1
Project("{8BC9CEB8-8B4A-11D0-8D11-00A0C91BC942}") = "LpcPoc", "LpcPoc\LpcPoc.vcxproj", "{21319ED1-26F1-471B-94D2-EFB17B655A51}"
EndProject
Global
	GlobalSection(SolutionConfigurationPlatforms) = preSolution
		Optimized|x64 = Optimized|x64
		Optimized|x86 = Optimized|x86
	EndGlobalSection
	GlobalSection(ProjectConfigurationPlatforms) = postSolution
		{21319ED1-26F1-471B-94D2-EFB17B655A51}.Optimized|x64.ActiveCfg = Optimized|x64
		{21319ED1-26F1-471B-94D2-EFB17B655A51}.Optimized|x64.Build.0 = Optimized|x64
		{21319ED1-26F1-471B-94D2-EFB17B655A51}.Optimized|x86.ActiveCfg = Optimized|Win32
		{21319ED1-26F1-471B-94D2-EFB17B655A51}.Optimized|x86.Build.0 = Optimized|Win32
	EndGlobalSection
	GlobalSection(SolutionProperties) = preSolution
		HideSolutionNode = FALSE
	EndGlobalSection
EndGlobal
